
Microsoft Visual Studio Solution File, Format Version 12.00
# Visual Studio Version 17
VisualStudioVersion = 17.1.32421.90
MinimumVisualStudioVersion = 10.0.40219.1
Project("{9A19103F-16F7-4668-BE54-9A1E7A4F7556}") = "obs_net", "obs_net\obs_net.csproj", "{8CA38250-7107-4EBD-9009-EE57746DF934}"
EndProject
Project("{9A19103F-16F7-4668-BE54-9A1E7A4F7556}") = "obs_net.example", "obs_net.example\obs_net.example.csproj", "{D1381669-B5F9-49AE-835D-C58CEBAB20E6}"
EndProject
Project("{2150E333-8FDC-42A3-9474-1A3956D46DE8}") = "Solution Items", "Solution Items", "{8E85EA2D-0888-41DE-B2EC-16A9F9EBF16B}"
EndProject
Global
	GlobalSection(SolutionConfigurationPlatforms) = preSolution
		Debug|Any CPU = Debug|Any CPU
		Release|Any CPU = Release|Any CPU
	EndGlobalSection
	GlobalSection(ProjectConfigurationPlatforms) = postSolution
		{8CA38250-7107-4EBD-9009-EE57746DF934}.Debug|Any CPU.ActiveCfg = Debug|Any CPU
		{8CA38250-7107-4EBD-9009-EE57746DF934}.Debug|Any CPU.Build.0 = Debug|Any CPU
		{8CA38250-7107-4EBD-9009-EE57746DF934}.Release|Any CPU.ActiveCfg = Release|Any CPU
		{8CA38250-7107-4EBD-9009-EE57746DF934}.Release|Any CPU.Build.0 = Release|Any CPU
		{D1381669-B5F9-49AE-835D-C58CEBAB20E6}.Debug|Any CPU.ActiveCfg = Debug|Any CPU
		{D1381669-B5F9-49AE-835D-C58CEBAB20E6}.Debug|Any CPU.Build.0 = Debug|Any CPU
		{D1381669-B5F9-49AE-835D-C58CEBAB20E6}.Release|Any CPU.ActiveCfg = Release|Any CPU
		{D1381669-B5F9-49AE-835D-C58CEBAB20E6}.Release|Any CPU.Build.0 = Release|Any CPU
	EndGlobalSection
	GlobalSection(SolutionProperties) = preSolution
		HideSolutionNode = FALSE
	EndGlobalSection
	GlobalSection(ExtensibilityGlobals) = postSolution
		SolutionGuid = {5B6BB559-6DE0-4082-95A3-53A08B358253}
	EndGlobalSection
EndGlobal
